
Microsoft Visual Studio Solution File, Format Version 12.00
# Visual Studio Version 17
VisualStudioVersion = 17.8.34330.188
MinimumVisualStudioVersion = 10.0.40219.1
Project("{FAE04EC0-301F-11D3-BF4B-00C04F79EFBC}") = "Task1Api", "Task1Api\Task1Api.csproj", "{E9EA4050-8F18-409B-9F23-8F0CDCC619DF}"
EndProject
Global
	GlobalSection(SolutionConfigurationPlatforms) = preSolution
		Debug|Any CPU = Debug|Any CPU
		Release|Any CPU = Release|Any CPU
	EndGlobalSection
	GlobalSection(ProjectConfigurationPlatforms) = postSolution
		{E9EA4050-8F18-409B-9F23-8F0CDCC619DF}.Debug|Any CPU.ActiveCfg = Debug|Any CPU
		{E9EA4050-8F18-409B-9F23-8F0CDCC619DF}.Debug|Any CPU.Build.0 = Debug|Any CPU
		{E9EA4050-8F18-409B-9F23-8F0CDCC619DF}.Release|Any CPU.ActiveCfg = Release|Any CPU
		{E9EA4050-8F18-409B-9F23-8F0CDCC619DF}.Release|Any CPU.Build.0 = Release|Any CPU
	EndGlobalSection
	GlobalSection(SolutionProperties) = preSolution
		HideSolutionNode = FALSE
	EndGlobalSection
	GlobalSection(ExtensibilityGlobals) = postSolution
		SolutionGuid = {C52A4BAB-5CDE-4F28-B2E1-E0CD3B380348}
	EndGlobalSection
EndGlobal
